
Microsoft Visual Studio Solution File, Format Version 12.00
# Visual Studio Version 17
VisualStudioVersion = 17.2.32526.322
MinimumVisualStudioVersion = 10.0.40219.1
Project("{FAE04EC0-301F-11D3-BF4B-00C04F79EFBC}") = "Books.Api", "Books.Api\Books.Api.csproj", "{4EEDE20A-A52C-4211-8E35-CF8F58D02025}"
EndProject
Project("{FAE04EC0-301F-11D3-BF4B-00C04F79EFBC}") = "Books.Domain", "Books.Domain\Books.Domain.csproj", "{F32B1F38-036E-4268-B4CB-578ED81D16F0}"
EndProject
Project("{FAE04EC0-301F-11D3-BF4B-00C04F79EFBC}") = "Books.Tests", "Books.Tests\Books.Tests.csproj", "{573DA0D7-37CB-4262-877C-25D066058AFE}"
EndProject
Global
	GlobalSection(SolutionConfigurationPlatforms) = preSolution
		Debug|Any CPU = Debug|Any CPU
		Release|Any CPU = Release|Any CPU
	EndGlobalSection
	GlobalSection(ProjectConfigurationPlatforms) = postSolution
		{4EEDE20A-A52C-4211-8E35-CF8F58D02025}.Debug|Any CPU.ActiveCfg = Debug|Any CPU
		{4EEDE20A-A52C-4211-8E35-CF8F58D02025}.Debug|Any CPU.Build.0 = Debug|Any CPU
		{4EEDE20A-A52C-4211-8E35-CF8F58D02025}.Release|Any CPU.ActiveCfg = Release|Any CPU
		{4EEDE20A-A52C-4211-8E35-CF8F58D02025}.Release|Any CPU.Build.0 = Release|Any CPU
		{F32B1F38-036E-4268-B4CB-578ED81D16F0}.Debug|Any CPU.ActiveCfg = Debug|Any CPU
		{F32B1F38-036E-4268-B4CB-578ED81D16F0}.Debug|Any CPU.Build.0 = Debug|Any CPU
		{F32B1F38-036E-4268-B4CB-578ED81D16F0}.Release|Any CPU.ActiveCfg = Release|Any CPU
		{F32B1F38-036E-4268-B4CB-578ED81D16F0}.Release|Any CPU.Build.0 = Release|Any CPU
		{573DA0D7-37CB-4262-877C-25D066058AFE}.Debug|Any CPU.ActiveCfg = Debug|Any CPU
		{573DA0D7-37CB-4262-877C-25D066058AFE}.Debug|Any CPU.Build.0 = Debug|Any CPU
		{573DA0D7-37CB-4262-877C-25D066058AFE}.Release|Any CPU.ActiveCfg = Release|Any CPU
		{573DA0D7-37CB-4262-877C-25D066058AFE}.Release|Any CPU.Build.0 = Release|Any CPU
	EndGlobalSection
	GlobalSection(SolutionProperties) = preSolution
		HideSolutionNode = FALSE
	EndGlobalSection
	GlobalSection(ExtensibilityGlobals) = postSolution
		SolutionGuid = {1A20606F-7047-4445-BEC3-58F820CF9C42}
	EndGlobalSection
EndGlobal
